
Microsoft Visual Studio Solution File, Format Version 12.00
# Visual Studio Version 16
VisualStudioVersion = 16.0.32802.440
MinimumVisualStudioVersion = 10.0.40219.1
Project("{9A19103F-16F7-4668-BE54-9A1E7A4F7556}") = "Entities", "Entities\Entities.csproj", "{22351985-C79F-45A7-9C21-C8336BDC725C}"
EndProject
Project("{9A19103F-16F7-4668-BE54-9A1E7A4F7556}") = "DataAccess", "DataAccess\DataAccess.csproj", "{3F064276-AB7C-4DC9-8481-03C5B0C4CCEE}"
EndProject
Project("{9A19103F-16F7-4668-BE54-9A1E7A4F7556}") = "Business", "Business\Business.csproj", "{95189CE5-8DC2-47E7-A0DB-BE2A038AA33A}"
EndProject
Project("{9A19103F-16F7-4668-BE54-9A1E7A4F7556}") = "ConsoleUI", "ConsoleUI\ConsoleUI.csproj", "{481C1449-B726-4476-8F3B-3E3DB9F4D27E}"
EndProject
Project("{FAE04EC0-301F-11D3-BF4B-00C04F79EFBC}") = "Core", "Core\Core.csproj", "{F78829C9-DBAD-4A22-BAC2-4826D9572DCF}"
EndProject
Global
	GlobalSection(SolutionConfigurationPlatforms) = preSolution
		Debug|Any CPU = Debug|Any CPU
		Release|Any CPU = Release|Any CPU
	EndGlobalSection
	GlobalSection(ProjectConfigurationPlatforms) = postSolution
		{22351985-C79F-45A7-9C21-C8336BDC725C}.Debug|Any CPU.ActiveCfg = Debug|Any CPU
		{22351985-C79F-45A7-9C21-C8336BDC725C}.Debug|Any CPU.Build.0 = Debug|Any CPU
		{22351985-C79F-45A7-9C21-C8336BDC725C}.Release|Any CPU.ActiveCfg = Release|Any CPU
		{22351985-C79F-45A7-9C21-C8336BDC725C}.Release|Any CPU.Build.0 = Release|Any CPU
		{3F064276-AB7C-4DC9-8481-03C5B0C4CCEE}.Debug|Any CPU.ActiveCfg = Debug|Any CPU
		{3F064276-AB7C-4DC9-8481-03C5B0C4CCEE}.Debug|Any CPU.Build.0 = Debug|Any CPU
		{3F064276-AB7C-4DC9-8481-03C5B0C4CCEE}.Release|Any CPU.ActiveCfg = Release|Any CPU
		{3F064276-AB7C-4DC9-8481-03C5B0C4CCEE}.Release|Any CPU.Build.0 = Release|Any CPU
		{95189CE5-8DC2-47E7-A0DB-BE2A038AA33A}.Debug|Any CPU.ActiveCfg = Debug|Any CPU
		{95189CE5-8DC2-47E7-A0DB-BE2A038AA33A}.Debug|Any CPU.Build.0 = Debug|Any CPU
		{95189CE5-8DC2-47E7-A0DB-BE2A038AA33A}.Release|Any CPU.ActiveCfg = Release|Any CPU
		{95189CE5-8DC2-47E7-A0DB-BE2A038AA33A}.Release|Any CPU.Build.0 = Release|Any CPU
		{481C1449-B726-4476-8F3B-3E3DB9F4D27E}.Debug|Any CPU.ActiveCfg = Debug|Any CPU
		{481C1449-B726-4476-8F3B-3E3DB9F4D27E}.Debug|Any CPU.Build.0 = Debug|Any CPU
		{481C1449-B726-4476-8F3B-3E3DB9F4D27E}.Release|Any CPU.ActiveCfg = Release|Any CPU
		{481C1449-B726-4476-8F3B-3E3DB9F4D27E}.Release|Any CPU.Build.0 = Release|Any CPU
		{F78829C9-DBAD-4A22-BAC2-4826D9572DCF}.Debug|Any CPU.ActiveCfg = Debug|Any CPU
		{F78829C9-DBAD-4A22-BAC2-4826D9572DCF}.Debug|Any CPU.Build.0 = Debug|Any CPU
		{F78829C9-DBAD-4A22-BAC2-4826D9572DCF}.Release|Any CPU.ActiveCfg = Release|Any CPU
		{F78829C9-DBAD-4A22-BAC2-4826D9572DCF}.Release|Any CPU.Build.0 = Release|Any CPU
	EndGlobalSection
	GlobalSection(SolutionProperties) = preSolution
		HideSolutionNode = FALSE
	EndGlobalSection
	GlobalSection(ExtensibilityGlobals) = postSolution
		SolutionGuid = {7E674797-9601-4C07-8DCE-A81DF76753D5}
	EndGlobalSection
EndGlobal
